Microsoft Visual Studio Solution File, Format Version 12.00
# Visual Studio Version 17
VisualStudioVersion = 17.5.2.0
MinimumVisualStudioVersion = 10.0.40219.1
Project("{FAE04EC0-301F-11D3-BF4B-00C04F79EFBC}") = "XboxLiveLite.API", "XboxLiveLite.API.csproj", "{281F3072-6DB8-7CD1-71FF-60ADBAFA85B8}"
EndProject
Global
	GlobalSection(SolutionConfigurationPlatforms) = preSolution
		Debug|Any CPU = Debug|Any CPU
		Release|Any CPU = Release|Any CPU
	EndGlobalSection
	GlobalSection(ProjectConfigurationPlatforms) = postSolution
		{281F3072-6DB8-7CD1-71FF-60ADBAFA85B8}.Debug|Any CPU.ActiveCfg = Debug|Any CPU
		{281F3072-6DB8-7CD1-71FF-60ADBAFA85B8}.Debug|Any CPU.Build.0 = Debug|Any CPU
		{281F3072-6DB8-7CD1-71FF-60ADBAFA85B8}.Release|Any CPU.ActiveCfg = Release|Any CPU
		{281F3072-6DB8-7CD1-71FF-60ADBAFA85B8}.Release|Any CPU.Build.0 = Release|Any CPU
	EndGlobalSection
	GlobalSection(SolutionProperties) = preSolution
		HideSolutionNode = FALSE
	EndGlobalSection
	GlobalSection(ExtensibilityGlobals) = postSolution
		SolutionGuid = {FA45A3DE-25FD-426B-876E-9CB110C3D152}
	EndGlobalSection
EndGlobal
